
Microsoft Visual Studio Solution File, Format Version 12.00
# Visual Studio Version 17
VisualStudioVersion = 17.4.32916.344
MinimumVisualStudioVersion = 10.0.40219.1
Project("{9A19103F-16F7-4668-BE54-9A1E7A4F7556}") = "TryMinimalAPIs", "TryMinimalAPIs.csproj", "{AEDA625B-7244-40C3-8F38-DF431B85CA2E}"
EndProject
Global
	GlobalSection(SolutionConfigurationPlatforms) = preSolution
		Debug|Any CPU = Debug|Any CPU
		Release|Any CPU = Release|Any CPU
	EndGlobalSection
	GlobalSection(ProjectConfigurationPlatforms) = postSolution
		{AEDA625B-7244-40C3-8F38-DF431B85CA2E}.Debug|Any CPU.ActiveCfg = Debug|Any CPU
		{AEDA625B-7244-40C3-8F38-DF431B85CA2E}.Debug|Any CPU.Build.0 = Debug|Any CPU
		{AEDA625B-7244-40C3-8F38-DF431B85CA2E}.Release|Any CPU.ActiveCfg = Release|Any CPU
		{AEDA625B-7244-40C3-8F38-DF431B85CA2E}.Release|Any CPU.Build.0 = Release|Any CPU
	EndGlobalSection
	GlobalSection(SolutionProperties) = preSolution
		HideSolutionNode = FALSE
	EndGlobalSection
	GlobalSection(ExtensibilityGlobals) = postSolution
		SolutionGuid = {69ED6AFA-B4DB-42A5-95BE-519AF49B99FA}
	EndGlobalSection
EndGlobal
